
Microsoft Visual Studio Solution File, Format Version 12.00
# Visual Studio Version 17
VisualStudioVersion = 17.5.33502.453
MinimumVisualStudioVersion = 10.0.40219.1
Project("{FAE04EC0-301F-11D3-BF4B-00C04F79EFBC}") = "homework06", "homework06.csproj", "{45B9EF6C-7A3A-46C6-9CA4-D35CC6FD793C}"
EndProject
Global
	GlobalSection(SolutionConfigurationPlatforms) = preSolution
		Debug|Any CPU = Debug|Any CPU
		Release|Any CPU = Release|Any CPU
	EndGlobalSection
	GlobalSection(ProjectConfigurationPlatforms) = postSolution
		{45B9EF6C-7A3A-46C6-9CA4-D35CC6FD793C}.Debug|Any CPU.ActiveCfg = Debug|Any CPU
		{45B9EF6C-7A3A-46C6-9CA4-D35CC6FD793C}.Debug|Any CPU.Build.0 = Debug|Any CPU
		{45B9EF6C-7A3A-46C6-9CA4-D35CC6FD793C}.Release|Any CPU.ActiveCfg = Release|Any CPU
		{45B9EF6C-7A3A-46C6-9CA4-D35CC6FD793C}.Release|Any CPU.Build.0 = Release|Any CPU
	EndGlobalSection
	GlobalSection(SolutionProperties) = preSolution
		HideSolutionNode = FALSE
	EndGlobalSection
	GlobalSection(ExtensibilityGlobals) = postSolution
		SolutionGuid = {CFEE4DDC-55FA-4491-B5D2-0747E309EBB7}
	EndGlobalSection
EndGlobal
