
Microsoft Visual Studio Solution File, Format Version 12.00
# Visual Studio Version 17
VisualStudioVersion = 17.5.33502.453
MinimumVisualStudioVersion = 10.0.40219.1
Project("{FAE04EC0-301F-11D3-BF4B-00C04F79EFBC}") = "check_sign", "check_sign.csproj", "{4E7925BC-193B-45F1-B18C-E4D16AC917C0}"
EndProject
Global
	GlobalSection(SolutionConfigurationPlatforms) = preSolution
		Debug|Any CPU = Debug|Any CPU
		Release|Any CPU = Release|Any CPU
	EndGlobalSection
	GlobalSection(ProjectConfigurationPlatforms) = postSolution
		{4E7925BC-193B-45F1-B18C-E4D16AC917C0}.Debug|Any CPU.ActiveCfg = Debug|Any CPU
		{4E7925BC-193B-45F1-B18C-E4D16AC917C0}.Debug|Any CPU.Build.0 = Debug|Any CPU
		{4E7925BC-193B-45F1-B18C-E4D16AC917C0}.Release|Any CPU.ActiveCfg = Release|Any CPU
		{4E7925BC-193B-45F1-B18C-E4D16AC917C0}.Release|Any CPU.Build.0 = Release|Any CPU
	EndGlobalSection
	GlobalSection(SolutionProperties) = preSolution
		HideSolutionNode = FALSE
	EndGlobalSection
	GlobalSection(ExtensibilityGlobals) = postSolution
		SolutionGuid = {DE8D2190-11E4-4E63-A1F5-58758A2898C5}
	EndGlobalSection
EndGlobal
