
Microsoft Visual Studio Solution File, Format Version 12.00
# Visual Studio Version 17
VisualStudioVersion = 17.5.33502.453
MinimumVisualStudioVersion = 10.0.40219.1
Project("{FAE04EC0-301F-11D3-BF4B-00C04F79EFBC}") = "diviser", "diviser.csproj", "{03E8DBF2-A438-4DCC-8B94-3BCAC5F14BFC}"
EndProject
Global
	GlobalSection(SolutionConfigurationPlatforms) = preSolution
		Debug|Any CPU = Debug|Any CPU
		Release|Any CPU = Release|Any CPU
	EndGlobalSection
	GlobalSection(ProjectConfigurationPlatforms) = postSolution
		{03E8DBF2-A438-4DCC-8B94-3BCAC5F14BFC}.Debug|Any CPU.ActiveCfg = Debug|Any CPU
		{03E8DBF2-A438-4DCC-8B94-3BCAC5F14BFC}.Debug|Any CPU.Build.0 = Debug|Any CPU
		{03E8DBF2-A438-4DCC-8B94-3BCAC5F14BFC}.Release|Any CPU.ActiveCfg = Release|Any CPU
		{03E8DBF2-A438-4DCC-8B94-3BCAC5F14BFC}.Release|Any CPU.Build.0 = Release|Any CPU
	EndGlobalSection
	GlobalSection(SolutionProperties) = preSolution
		HideSolutionNode = FALSE
	EndGlobalSection
	GlobalSection(ExtensibilityGlobals) = postSolution
		SolutionGuid = {C351D8E3-9AF2-43A4-898F-7224D0A948A7}
	EndGlobalSection
EndGlobal
