
Microsoft Visual Studio Solution File, Format Version 12.00
# Visual Studio Version 17
VisualStudioVersion = 17.5.33502.453
MinimumVisualStudioVersion = 10.0.40219.1
Project("{FAE04EC0-301F-11D3-BF4B-00C04F79EFBC}") = "sum_k", "sum_k.csproj", "{51499004-C258-42EB-A946-5B6F191E118A}"
EndProject
Global
	GlobalSection(SolutionConfigurationPlatforms) = preSolution
		Debug|Any CPU = Debug|Any CPU
		Release|Any CPU = Release|Any CPU
	EndGlobalSection
	GlobalSection(ProjectConfigurationPlatforms) = postSolution
		{51499004-C258-42EB-A946-5B6F191E118A}.Debug|Any CPU.ActiveCfg = Debug|Any CPU
		{51499004-C258-42EB-A946-5B6F191E118A}.Debug|Any CPU.Build.0 = Debug|Any CPU
		{51499004-C258-42EB-A946-5B6F191E118A}.Release|Any CPU.ActiveCfg = Release|Any CPU
		{51499004-C258-42EB-A946-5B6F191E118A}.Release|Any CPU.Build.0 = Release|Any CPU
	EndGlobalSection
	GlobalSection(SolutionProperties) = preSolution
		HideSolutionNode = FALSE
	EndGlobalSection
	GlobalSection(ExtensibilityGlobals) = postSolution
		SolutionGuid = {990CCABF-5905-45A4-AFC7-D8988263CEC2}
	EndGlobalSection
EndGlobal
